
Microsoft Visual Studio Solution File, Format Version 12.00
# Visual Studio Version 17
VisualStudioVersion = 17.4.33205.214
MinimumVisualStudioVersion = 10.0.40219.1
Project("{FAE04EC0-301F-11D3-BF4B-00C04F79EFBC}") = "Homework-8", "Homework-8\Homework-8.csproj", "{6DE6FA3B-F8F2-4B18-A4AD-6B4C85ED2AC4}"
EndProject
Global
	GlobalSection(SolutionConfigurationPlatforms) = preSolution
		Debug|Any CPU = Debug|Any CPU
		Release|Any CPU = Release|Any CPU
	EndGlobalSection
	GlobalSection(ProjectConfigurationPlatforms) = postSolution
		{6DE6FA3B-F8F2-4B18-A4AD-6B4C85ED2AC4}.Debug|Any CPU.ActiveCfg = Debug|Any CPU
		{6DE6FA3B-F8F2-4B18-A4AD-6B4C85ED2AC4}.Debug|Any CPU.Build.0 = Debug|Any CPU
		{6DE6FA3B-F8F2-4B18-A4AD-6B4C85ED2AC4}.Release|Any CPU.ActiveCfg = Release|Any CPU
		{6DE6FA3B-F8F2-4B18-A4AD-6B4C85ED2AC4}.Release|Any CPU.Build.0 = Release|Any CPU
	EndGlobalSection
	GlobalSection(SolutionProperties) = preSolution
		HideSolutionNode = FALSE
	EndGlobalSection
	GlobalSection(ExtensibilityGlobals) = postSolution
		SolutionGuid = {DC87F2A0-6FE0-40C0-9336-23A31C003C05}
	EndGlobalSection
EndGlobal
